
Microsoft Visual Studio Solution File, Format Version 12.00
# Visual Studio 2013
VisualStudioVersion = 12.0.30501.0
MinimumVisualStudioVersion = 10.0.40219.1
Project("{FAE04EC0-301F-11D3-BF4B-00C04F79EFBC}") = "DataLogger", "DataLogger\DataLogger.csproj", "{2A2921D0-79D0-44A3-AA0B-83BD0D9DF8EF}"
EndProject
Project("{FAE04EC0-301F-11D3-BF4B-00C04F79EFBC}") = "DataLogger.Uitwerking", "DataLogger.Uitwerking\DataLogger.Uitwerking.csproj", "{ED9741BD-4EF9-4411-B9AC-EB57FD981F96}"
EndProject
Project("{FAE04EC0-301F-11D3-BF4B-00C04F79EFBC}") = "DataLogger.Test", "DataLogger.Test\DataLogger.Test.csproj", "{9221442C-E943-484A-A360-83A6926059E7}"
EndProject
Global
	GlobalSection(SolutionConfigurationPlatforms) = preSolution
		Debug|Any CPU = Debug|Any CPU
		Release|Any CPU = Release|Any CPU
	EndGlobalSection
	GlobalSection(ProjectConfigurationPlatforms) = postSolution
		{2A2921D0-79D0-44A3-AA0B-83BD0D9DF8EF}.Debug|Any CPU.ActiveCfg = Debug|Any CPU
		{2A2921D0-79D0-44A3-AA0B-83BD0D9DF8EF}.Debug|Any CPU.Build.0 = Debug|Any CPU
		{2A2921D0-79D0-44A3-AA0B-83BD0D9DF8EF}.Release|Any CPU.ActiveCfg = Release|Any CPU
		{2A2921D0-79D0-44A3-AA0B-83BD0D9DF8EF}.Release|Any CPU.Build.0 = Release|Any CPU
		{ED9741BD-4EF9-4411-B9AC-EB57FD981F96}.Debug|Any CPU.ActiveCfg = Debug|Any CPU
		{ED9741BD-4EF9-4411-B9AC-EB57FD981F96}.Debug|Any CPU.Build.0 = Debug|Any CPU
		{ED9741BD-4EF9-4411-B9AC-EB57FD981F96}.Release|Any CPU.ActiveCfg = Release|Any CPU
		{ED9741BD-4EF9-4411-B9AC-EB57FD981F96}.Release|Any CPU.Build.0 = Release|Any CPU
		{9221442C-E943-484A-A360-83A6926059E7}.Debug|Any CPU.ActiveCfg = Debug|Any CPU
		{9221442C-E943-484A-A360-83A6926059E7}.Debug|Any CPU.Build.0 = Debug|Any CPU
		{9221442C-E943-484A-A360-83A6926059E7}.Release|Any CPU.ActiveCfg = Release|Any CPU
		{9221442C-E943-484A-A360-83A6926059E7}.Release|Any CPU.Build.0 = Release|Any CPU
	EndGlobalSection
	GlobalSection(SolutionProperties) = preSolution
		HideSolutionNode = FALSE
	EndGlobalSection
EndGlobal
